{
  "name": "meu-prototipo",
  "lockfileVersion": 3,
  "requires": true,
  "packages": {
    "": {
      "dependencies": {
        "jotai": "^2.12.4"
      }
    },
    "node_modules/jotai": {
      "version": "2.12.4",
      "resolved": "https://registry.npmjs.org/jotai/-/jotai-2.12.4.tgz",
      "integrity": "sha512-eFXLJol4oOLM8BS1+QV+XwaYQITG8n1tatBCFl4F5HE3zR5j2WIK8QpMt7VJIYmlogNUZfvB7wjwLoVk+umB9Q==",
      "license": "MIT",
      "engines": {
        "node": ">=12.20.0"
      },
      "peerDependencies": {
        "@types/react": ">=17.0.0",
        "react": ">=17.0.0"
      },
      "peerDependenciesMeta": {
        "@types/react": {
          "optional": true
        },
        "react": {
          "optional": true
        }
      }
    }
  }
}
